
Microsoft Visual Studio Solution File, Format Version 12.00
# Visual Studio Version 17
VisualStudioVersion = 17.7.34003.232
MinimumVisualStudioVersion = 10.0.40219.1
Project("{FAE04EC0-301F-11D3-BF4B-00C04F79EFBC}") = "SisRH_Desktop", "SisRH_Desktop.csproj", "{6C0276F9-4B48-4AAC-930B-E61DE945C903}"
EndProject
Global
	GlobalSection(SolutionConfigurationPlatforms) = preSolution
		Debug|Any CPU = Debug|Any CPU
		Release|Any CPU = Release|Any CPU
	EndGlobalSection
	GlobalSection(ProjectConfigurationPlatforms) = postSolution
		{6C0276F9-4B48-4AAC-930B-E61DE945C903}.Debug|Any CPU.ActiveCfg = Debug|Any CPU
		{6C0276F9-4B48-4AAC-930B-E61DE945C903}.Debug|Any CPU.Build.0 = Debug|Any CPU
		{6C0276F9-4B48-4AAC-930B-E61DE945C903}.Release|Any CPU.ActiveCfg = Release|Any CPU
		{6C0276F9-4B48-4AAC-930B-E61DE945C903}.Release|Any CPU.Build.0 = Release|Any CPU
	EndGlobalSection
	GlobalSection(SolutionProperties) = preSolution
		HideSolutionNode = FALSE
	EndGlobalSection
	GlobalSection(ExtensibilityGlobals) = postSolution
		SolutionGuid = {BE149781-4AA7-4115-B7E6-76FF21A36DA8}
	EndGlobalSection
EndGlobal
